// !$*UTF8*$!
{
	archiveVersion = 1;
	classes = {
	};
	objectVersion = 55;
	objects = {

/* Begin PBXBuildFile section */
		AF85E2A329683B4A000A6260 /* AppDelegate.swift in Sources */ = {isa = PBXBuildFile; fileRef = AF85E2A229683B4A000A6260 /* AppDelegate.swift */; };
		AF85E2A529683B4A000A6260 /* SceneDelegate.swift in Sources */ = {isa = PBXBuildFile; fileRef = AF85E2A429683B4A000A6260 /* SceneDelegate.swift */; };
		AF85E2AA29683B4A000A6260 /* Main.storyboard in Resources */ = {isa = PBXBuildFile; fileRef = AF85E2A829683B4A000A6260 /* Main.storyboard */; };
		AF85E2AD29683B4A000A6260 /* CoreDataApp.xcdatamodeld in Sources */ = {isa = PBXBuildFile; fileRef = AF85E2AB29683B4A000A6260 /* CoreDataApp.xcdatamodeld */; };
		AF85E2AF29683B52000A6260 /* Assets.xcassets in Resources */ = {isa = PBXBuildFile; fileRef = AF85E2AE29683B52000A6260 /* Assets.xcassets */; };
		AF85E2B229683B52000A6260 /* LaunchScreen.storyboard in Resources */ = {isa = PBXBuildFile; fileRef = AF85E2B029683B52000A6260 /* LaunchScreen.storyboard */; };
		AF85E2BE2969D13F000A6260 /* CategoryViewController.swift in Sources */ = {isa = PBXBuildFile; fileRef = AF85E2BD2969D13F000A6260 /* CategoryViewController.swift */; };
		AF85E2C02969D181000A6260 /* ToDoListViewController.swift in Sources */ = {isa = PBXBuildFile; fileRef = AF85E2BF2969D181000A6260 /* ToDoListViewController.swift */; };
/* End PBXBuildFile section */

/* Begin PBXFileReference section */
		AF85E29F29683B4A000A6260 /* CoreDataApp.app */ = {isa = PBXFileReference; explicitFileType = wrapper.application; includeInIndex = 0; path = CoreDataApp.app; sourceTree = BUILT_PRODUCTS_DIR; };
		AF85E2A229683B4A000A6260 /* AppDelegate.swift */ = {isa = PBXFileReference; lastKnownFileType = sourcecode.swift; path = AppDelegate.swift; sourceTree = "<group>"; };
		AF85E2A429683B4A000A6260 /* SceneDelegate.swift */ = {isa = PBXFileReference; lastKnownFileType = sourcecode.swift; path = SceneDelegate.swift; sourceTree = "<group>"; };
		AF85E2A929683B4A000A6260 /* Base */ = {isa = PBXFileReference; lastKnownFileType = file.storyboard; name = Base; path = Base.lproj/Main.storyboard; sourceTree = "<group>"; };
		AF85E2AC29683B4A000A6260 /* CoreDataApp.xcdatamodel */ = {isa = PBXFileReference; lastKnownFileType = wrapper.xcdatamodel; path = CoreDataApp.xcdatamodel; sourceTree = "<group>"; };
		AF85E2AE29683B52000A6260 /* Assets.xcassets */ = {isa = PBXFileReference; lastKnownFileType = folder.assetcatalog; path = Assets.xcassets; sourceTree = "<group>"; };
		AF85E2B129683B52000A6260 /* Base */ = {isa = PBXFileReference; lastKnownFileType = file.storyboard; name = Base; path = Base.lproj/LaunchScreen.storyboard; sourceTree = "<group>"; };
		AF85E2B329683B52000A6260 /* Info.plist */ = {isa = PBXFileReference; lastKnownFileType = text.plist.xml; path = Info.plist; sourceTree = "<group>"; };
		AF85E2BD2969D13F000A6260 /* CategoryViewController.swift */ = {isa = PBXFileReference; lastKnownFileType = sourcecode.swift; path = CategoryViewController.swift; sourceTree = "<group>"; };
		AF85E2BF2969D181000A6260 /* ToDoListViewController.swift */ = {isa = PBXFileReference; lastKnownFileType = sourcecode.swift; path = ToDoListViewController.swift; sourceTree = "<group>"; };
/* End PBXFileReference section */

/* Begin PBXFrameworksBuildPhase section */
		AF85E29C29683B4A000A6260 /* Frameworks */ = {
			isa = PBXFrameworksBuildPhase;
			buildActionMask = 2147483647;
			files = (
			);
			runOnlyForDeploymentPostprocessing = 0;
		};
/* End PBXFrameworksBuildPhase section */

/* Begin PBXGroup section */
		AF85E29629683B4A000A6260 = {
			isa = PBXGroup;
			children = (
				AF85E2A129683B4A000A6260 /* CoreDataApp */,
				AF85E2A029683B4A000A6260 /* Products */,
			);
			sourceTree = "<group>";
		};
		AF85E2A029683B4A000A6260 /* Products */ = {
			isa = PBXGroup;
			children = (
				AF85E29F29683B4A000A6260 /* CoreDataApp.app */,
			);
			name = Products;
			sourceTree = "<group>";
		};
		AF85E2A129683B4A000A6260 /* CoreDataApp */ = {
			isa = PBXGroup;
			children = (
				AF85E2BC29685E13000A6260 /* Models */,
				AF85E2BA29683BA2000A6260 /* Views */,
				AF85E2BB29683BB0000A6260 /* Controllers */,
				AF85E2B929683B92000A6260 /* Delegates */,
				AF85E2AE29683B52000A6260 /* Assets.xcassets */,
				AF85E2B329683B52000A6260 /* Info.plist */,
			);
			path = CoreDataApp;
			sourceTree = "<group>";
		};
		AF85E2B929683B92000A6260 /* Delegates */ = {
			isa = PBXGroup;
			children = (
				AF85E2A229683B4A000A6260 /* AppDelegate.swift */,
				AF85E2A429683B4A000A6260 /* SceneDelegate.swift */,
			);
			path = Delegates;
			sourceTree = "<group>";
		};
		AF85E2BA29683BA2000A6260 /* Views */ = {
			isa = PBXGroup;
			children = (
				AF85E2A829683B4A000A6260 /* Main.storyboard */,
				AF85E2B029683B52000A6260 /* LaunchScreen.storyboard */,
			);
			path = Views;
			sourceTree = "<group>";
		};
		AF85E2BB29683BB0000A6260 /* Controllers */ = {
			isa = PBXGroup;
			children = (
				AF85E2BD2969D13F000A6260 /* CategoryViewController.swift */,
				AF85E2BF2969D181000A6260 /* ToDoListViewController.swift */,
			);
			path = Controllers;
			sourceTree = "<group>";
		};
		AF85E2BC29685E13000A6260 /* Models */ = {
			isa = PBXGroup;
			children = (
				AF85E2AB29683B4A000A6260 /* CoreDataApp.xcdatamodeld */,
			);
			path = Models;
			sourceTree = "<group>";
		};
/* End PBXGroup section */

/* Begin PBXNativeTarget section */
		AF85E29E29683B4A000A6260 /* CoreDataApp */ = {
			isa = PBXNativeTarget;
			buildConfigurationList = AF85E2B629683B52000A6260 /* Build configuration list for PBXNativeTarget "CoreDataApp" */;
			buildPhases = (
				AF85E29B29683B4A000A6260 /* Sources */,
				AF85E29C29683B4A000A6260 /* Frameworks */,
				AF85E29D29683B4A000A6260 /* Resources */,
			);
			buildRules = (
			);
			dependencies = (
			);
			name = CoreDataApp;
			productName = CoreDataApp;
			productReference = AF85E29F29683B4A000A6260 /* CoreDataApp.app */;
			productType = "com.apple.product-type.application";
		};
/* End PBXNativeTarget section */

/* Begin PBXProject section */
		AF85E29729683B4A000A6260 /* Project object */ = {
			isa = PBXProject;
			attributes = {
				BuildIndependentTargetsInParallel = 1;
				LastSwiftUpdateCheck = 1340;
				LastUpgradeCheck = 1340;
				TargetAttributes = {
					AF85E29E29683B4A000A6260 = {
						CreatedOnToolsVersion = 13.4.1;
					};
				};
			};
			buildConfigurationList = AF85E29A29683B4A000A6260 /* Build configuration list for PBXProject "CoreDataApp" */;
			compatibilityVersion = "Xcode 13.0";
			developmentRegion = en;
			hasScannedForEncodings = 0;
			knownRegions = (
				en,
				Base,
			);
			mainGroup = AF85E29629683B4A000A6260;
			productRefGroup = AF85E2A029683B4A000A6260 /* Products */;
			projectDirPath = "";
			projectRoot = "";
			targets = (
				AF85E29E29683B4A000A6260 /* CoreDataApp */,
			);
		};
/* End PBXProject section */

/* Begin PBXResourcesBuildPhase section */
		AF85E29D29683B4A000A6260 /* Resources */ = {
			isa = PBXResourcesBuildPhase;
			buildActionMask = 2147483647;
			files = (
				AF85E2B229683B52000A6260 /* LaunchScreen.storyboard in Resources */,
				AF85E2AF29683B52000A6260 /* Assets.xcassets in Resources */,
				AF85E2AA29683B4A000A6260 /* Main.storyboard in Resources */,
			);
			runOnlyForDeploymentPostprocessing = 0;
		};
/* End PBXResourcesBuildPhase section */

/* Begin PBXSourcesBuildPhase section */
		AF85E29B29683B4A000A6260 /* Sources */ = {
			isa = PBXSourcesBuildPhase;
			buildActionMask = 2147483647;
			files = (
				AF85E2BE2969D13F000A6260 /* CategoryViewController.swift in Sources */,
				AF85E2AD29683B4A000A6260 /* CoreDataApp.xcdatamodeld in Sources */,
				AF85E2A329683B4A000A6260 /* AppDelegate.swift in Sources */,
				AF85E2C02969D181000A6260 /* ToDoListViewController.swift in Sources */,
				AF85E2A529683B4A000A6260 /* SceneDelegate.swift in Sources */,
			);
			runOnlyForDeploymentPostprocessing = 0;
		};
/* End PBXSourcesBuildPhase section */

/* Begin PBXVariantGroup section */
		AF85E2A829683B4A000A6260 /* Main.storyboard */ = {
			isa = PBXVariantGroup;
			children = (
				AF85E2A929683B4A000A6260 /* Base */,
			);
			name = Main.storyboard;
			sourceTree = "<group>";
		};
		AF85E2B029683B52000A6260 /* LaunchScreen.storyboard */ = {
			isa = PBXVariantGroup;
			children = (
				AF85E2B129683B52000A6260 /* Base */,
			);
			name = LaunchScreen.storyboard;
			sourceTree = "<group>";
		};
/* End PBXVariantGroup section */

/* Begin XCBuildConfiguration section */
		AF85E2B429683B52000A6260 /* Debug */ = {
			isa = XCBuildConfiguration;
			buildSettings = {
				ALWAYS_SEARCH_USER_PATHS = NO;
				CLANG_ANALYZER_NONNULL = YES;
				CLANG_ANALYZER_NUMBER_OBJECT_CONVERSION = YES_AGGRESSIVE;
				CLANG_CXX_LANGUAGE_STANDARD = "gnu++17";
				CLANG_ENABLE_MODULES = YES;
				CLANG_ENABLE_OBJC_ARC = YES;
				CLANG_ENABLE_OBJC_WEAK = YES;
				CLANG_WARN_BLOCK_CAPTURE_AUTORELEASING = YES;
				CLANG_WARN_BOOL_CONVERSION = YES;
				CLANG_WARN_COMMA = YES;
				CLANG_WARN_CONSTANT_CONVERSION = YES;
				CLANG_WARN_DEPRECATED_OBJC_IMPLEMENTATIONS = YES;
				CLANG_WARN_DIRECT_OBJC_ISA_USAGE = YES_ERROR;
				CLANG_WARN_DOCUMENTATION_COMMENTS = YES;
				CLANG_WARN_EMPTY_BODY = YES;
				CLANG_WARN_ENUM_CONVERSION = YES;
				CLANG_WARN_INFINITE_RECURSION = YES;
				CLANG_WARN_INT_CONVERSION = YES;
				CLANG_WARN_NON_LITERAL_NULL_CONVERSION = YES;
				CLANG_WARN_OBJC_IMPLICIT_RETAIN_SELF = YES;
				CLANG_WARN_OBJC_LITERAL_CONVERSION = YES;
				CLANG_WARN_OBJC_ROOT_CLASS = YES_ERROR;
				CLANG_WARN_QUOTED_INCLUDE_IN_FRAMEWORK_HEADER = YES;
				CLANG_WARN_RANGE_LOOP_ANALYSIS = YES;
				CLANG_WARN_STRICT_PROTOTYPES = YES;
				CLANG_WARN_SUSPICIOUS_MOVE = YES;
				CLANG_WARN_UNGUARDED_AVAILABILITY = YES_AGGRESSIVE;
				CLANG_WARN_UNREACHABLE_CODE = YES;
				CLANG_WARN__DUPLICATE_METHOD_MATCH = YES;
				COPY_PHASE_STRIP = NO;
				DEBUG_INFORMATION_FORMAT = dwarf;
				ENABLE_STRICT_OBJC_MSGSEND = YES;
				ENABLE_TESTABILITY = YES;
				GCC_C_LANGUAGE_STANDARD = gnu11;
				GCC_DYNAMIC_NO_PIC = NO;
				GCC_NO_COMMON_BLOCKS = YES;
				GCC_OPTIMIZATION_LEVEL = 0;
				GCC_PREPROCESSOR_DEFINITIONS = (
					"DEBUG=1",
					"$(inherited)",
				);
				GCC_WARN_64_TO_32_BIT_CONVERSION = YES;
				GCC_WARN_ABOUT_RETURN_TYPE = YES_ERROR;
				GCC_WARN_UNDECLARED_SELECTOR = YES;
				GCC_WARN_UNINITIALIZED_AUTOS = YES_AGGRESSIVE;
				GCC_WARN_UNUSED_FUNCTION = YES;
				GCC_WARN_UNUSED_VARIABLE = YES;
				IPHONEOS_DEPLOYMENT_TARGET = 15.5;
				MTL_ENABLE_DEBUG_INFO = INCLUDE_SOURCE;
				MTL_FAST_MATH = YES;
				ONLY_ACTIVE_ARCH = YES;
				SDKROOT = iphoneos;
				SWIFT_ACTIVE_COMPILATION_CONDITIONS = DEBUG;
				SWIFT_OPTIMIZATION_LEVEL = "-Onone";
			};
			name = Debug;
		};
		AF85E2B529683B52000A6260 /* Release */ = {
			isa = XCBuildConfiguration;
			buildSettings = {
				ALWAYS_SEARCH_USER_PATHS = NO;
				CLANG_ANALYZER_NONNULL = YES;
				CLANG_ANALYZER_NUMBER_OBJECT_CONVERSION = YES_AGGRESSIVE;
				CLANG_CXX_LANGUAGE_STANDARD = "gnu++17";
				CLANG_ENABLE_MODULES = YES;
				CLANG_ENABLE_OBJC_ARC = YES;
				CLANG_ENABLE_OBJC_WEAK = YES;
				CLANG_WARN_BLOCK_CAPTURE_AUTORELEASING = YES;
				CLANG_WARN_BOOL_CONVERSION = YES;
				CLANG_WARN_COMMA = YES;
				CLANG_WARN_CONSTANT_CONVERSION = YES;
				CLANG_WARN_DEPRECATED_OBJC_IMPLEMENTATIONS = YES;
				CLANG_WARN_DIRECT_OBJC_ISA_USAGE = YES_ERROR;
				CLANG_WARN_DOCUMENTATION_COMMENTS = YES;
				CLANG_WARN_EMPTY_BODY = YES;
				CLANG_WARN_ENUM_CONVERSION = YES;
				CLANG_WARN_INFINITE_RECURSION = YES;
				CLANG_WARN_INT_CONVERSION = YES;
				CLANG_WARN_NON_LITERAL_NULL_CONVERSION = YES;
				CLANG_WARN_OBJC_IMPLICIT_RETAIN_SELF = YES;
				CLANG_WARN_OBJC_LITERAL_CONVERSION = YES;
				CLANG_WARN_OBJC_ROOT_CLASS = YES_ERROR;
				CLANG_WARN_QUOTED_INCLUDE_IN_FRAMEWORK_HEADER = YES;
				CLANG_WARN_RANGE_LOOP_ANALYSIS = YES;
				CLANG_WARN_STRICT_PROTOTYPES = YES;
				CLANG_WARN_SUSPICIOUS_MOVE = YES;
				CLANG_WARN_UNGUARDED_AVAILABILITY = YES_AGGRESSIVE;
				CLANG_WARN_UNREACHABLE_CODE = YES;
				CLANG_WARN__DUPLICATE_METHOD_MATCH = YES;
				COPY_PHASE_STRIP = NO;
				DEBUG_INFORMATION_FORMAT = "dwarf-with-dsym";
				ENABLE_NS_ASSERTIONS = NO;
				ENABLE_STRICT_OBJC_MSGSEND = YES;
				GCC_C_LANGUAGE_STANDARD = gnu11;
				GCC_NO_COMMON_BLOCKS = YES;
				GCC_WARN_64_TO_32_BIT_CONVERSION = YES;
				GCC_WARN_ABOUT_RETURN_TYPE = YES_ERROR;
				GCC_WARN_UNDECLARED_SELECTOR = YES;
				GCC_WARN_UNINITIALIZED_AUTOS = YES_AGGRESSIVE;
				GCC_WARN_UNUSED_FUNCTION = YES;
				GCC_WARN_UNUSED_VARIABLE = YES;
				IPHONEOS_DEPLOYMENT_TARGET = 15.5;
				MTL_ENABLE_DEBUG_INFO = NO;
				MTL_FAST_MATH = YES;
				SDKROOT = iphoneos;
				SWIFT_COMPILATION_MODE = wholemodule;
				SWIFT_OPTIMIZATION_LEVEL = "-O";
				VALIDATE_PRODUCT = YES;
			};
			name = Release;
		};
		AF85E2B729683B52000A6260 /* Debug */ = {
			isa = XCBuildConfiguration;
			buildSettings = {
				ASSETCATALOG_COMPILER_APPICON_NAME = AppIcon;
				ASSETCATALOG_COMPILER_GLOBAL_ACCENT_COLOR_NAME = AccentColor;
				CODE_SIGN_STYLE = Automatic;
				CURRENT_PROJECT_VERSION = 1;
				DEVELOPMENT_TEAM = JQSUXNGVC5;
				GENERATE_INFOPLIST_FILE = YES;
				INFOPLIST_FILE = CoreDataApp/Info.plist;
				INFOPLIST_KEY_UIApplicationSupportsIndirectInputEvents = YES;
				INFOPLIST_KEY_UILaunchStoryboardName = LaunchScreen;
				INFOPLIST_KEY_UIMainStoryboardFile = Main;
				INFOPLIST_KEY_UISupportedInterfaceOrientations_iPad = "UIInterfaceOrientationPortrait UIInterfaceOrientationPortraitUpsideDown UIInterfaceOrientationLandscapeLeft UIInterfaceOrientationLandscapeRight";
				INFOPLIST_KEY_UISupportedInterfaceOrientations_iPhone = "UIInterfaceOrientationPortrait UIInterfaceOrientationLandscapeLeft UIInterfaceOrientationLandscapeRight";
				LD_RUNPATH_SEARCH_PATHS = (
					"$(inherited)",
					"@executable_path/Frameworks",
				);
				MARKETING_VERSION = 1.0;
				PRODUCT_BUNDLE_IDENTIFIER = EugeneZabrodski.CoreDataApp;
				PRODUCT_NAME = "$(TARGET_NAME)";
				SWIFT_EMIT_LOC_STRINGS = YES;
				SWIFT_VERSION = 5.0;
				TARGETED_DEVICE_FAMILY = 1;
			};
			name = Debug;
		};
		AF85E2B829683B52000A6260 /* Release */ = {
			isa = XCBuildConfiguration;
			buildSettings = {
				ASSETCATALOG_COMPILER_APPICON_NAME = AppIcon;
				ASSETCATALOG_COMPILER_GLOBAL_ACCENT_COLOR_NAME = AccentColor;
				CODE_SIGN_STYLE = Automatic;
				CURRENT_PROJECT_VERSION = 1;
				DEVELOPMENT_TEAM = JQSUXNGVC5;
				GENERATE_INFOPLIST_FILE = YES;
				INFOPLIST_FILE = CoreDataApp/Info.plist;
				INFOPLIST_KEY_UIApplicationSupportsIndirectInputEvents = YES;
				INFOPLIST_KEY_UILaunchStoryboardName = LaunchScreen;
				INFOPLIST_KEY_UIMainStoryboardFile = Main;
				INFOPLIST_KEY_UISupportedInterfaceOrientations_iPad = "UIInterfaceOrientationPortrait UIInterfaceOrientationPortraitUpsideDown UIInterfaceOrientationLandscapeLeft UIInterfaceOrientationLandscapeRight";
				INFOPLIST_KEY_UISupportedInterfaceOrientations_iPhone = "UIInterfaceOrientationPortrait UIInterfaceOrientationLandscapeLeft UIInterfaceOrientationLandscapeRight";
				LD_RUNPATH_SEARCH_PATHS = (
					"$(inherited)",
					"@executable_path/Frameworks",
				);
				MARKETING_VERSION = 1.0;
				PRODUCT_BUNDLE_IDENTIFIER = EugeneZabrodski.CoreDataApp;
				PRODUCT_NAME = "$(TARGET_NAME)";
				SWIFT_EMIT_LOC_STRINGS = YES;
				SWIFT_VERSION = 5.0;
				TARGETED_DEVICE_FAMILY = 1;
			};
			name = Release;
		};
/* End XCBuildConfiguration section */

/* Begin XCConfigurationList section */
		AF85E29A29683B4A000A6260 /* Build configuration list for PBXProject "CoreDataApp" */ = {
			isa = XCConfigurationList;
			buildConfigurations = (
				AF85E2B429683B52000A6260 /* Debug */,
				AF85E2B529683B52000A6260 /* Release */,
			);
			defaultConfigurationIsVisible = 0;
			defaultConfigurationName = Release;
		};
		AF85E2B629683B52000A6260 /* Build configuration list for PBXNativeTarget "CoreDataApp" */ = {
			isa = XCConfigurationList;
			buildConfigurations = (
				AF85E2B729683B52000A6260 /* Debug */,
				AF85E2B829683B52000A6260 /* Release */,
			);
			defaultConfigurationIsVisible = 0;
			defaultConfigurationName = Release;
		};
/* End XCConfigurationList section */

/* Begin XCVersionGroup section */
		AF85E2AB29683B4A000A6260 /* CoreDataApp.xcdatamodeld */ = {
			isa = XCVersionGroup;
			children = (
				AF85E2AC29683B4A000A6260 /* CoreDataApp.xcdatamodel */,
			);
			currentVersion = AF85E2AC29683B4A000A6260 /* CoreDataApp.xcdatamodel */;
			path = CoreDataApp.xcdatamodeld;
			sourceTree = "<group>";
			versionGroupType = wrapper.xcdatamodel;
		};
/* End XCVersionGroup section */
	};
	rootObject = AF85E29729683B4A000A6260 /* Project object */;
}
